Microsoft Visual Studio Solution File, Format Version 12.00
# Visual Studio Version 17
VisualStudioVersion = 17.5.2.0
MinimumVisualStudioVersion = 10.0.40219.1
Project("{FAE04EC0-301F-11D3-BF4B-00C04F79EFBC}") = "HK-Calculations", "HK-Calculations\HK-Calculations.csproj", "{1D236AF8-254C-CA50-7E49-F60FA92E9431}"
EndProject
Global
	GlobalSection(SolutionConfigurationPlatforms) = preSolution
		Debug|Any CPU = Debug|Any CPU
		Release|Any CPU = Release|Any CPU
	EndGlobalSection
	GlobalSection(ProjectConfigurationPlatforms) = postSolution
		{1D236AF8-254C-CA50-7E49-F60FA92E9431}.Debug|Any CPU.ActiveCfg = Debug|Any CPU
		{1D236AF8-254C-CA50-7E49-F60FA92E9431}.Debug|Any CPU.Build.0 = Debug|Any CPU
		{1D236AF8-254C-CA50-7E49-F60FA92E9431}.Release|Any CPU.ActiveCfg = Release|Any CPU
		{1D236AF8-254C-CA50-7E49-F60FA92E9431}.Release|Any CPU.Build.0 = Release|Any CPU
	EndGlobalSection
	GlobalSection(SolutionProperties) = preSolution
		HideSolutionNode = FALSE
	EndGlobalSection
	GlobalSection(ExtensibilityGlobals) = postSolution
		SolutionGuid = {9CD72039-53AB-4998-8CF8-548CB7992E8A}
	EndGlobalSection
EndGlobal
